// !$*UTF8*$!
{
	archiveVersion = 1;
	classes = {
	};
	objectVersion = 46;
	objects = {

/* Begin PBXBuildFile section */
		771C554D1E6D31EB00477FD8 /* PatchedWindowController.m in Sources */ = {isa = PBXBuildFile; fileRef = 771C554B1E6D31EB00477FD8 /* PatchedWindowController.m */; };
		771C554E1E6D31EB00477FD8 /* PatchedWindowController.xib in Resources */ = {isa = PBXBuildFile; fileRef = 771C554C1E6D31EB00477FD8 /* PatchedWindowController.xib */; };
		771DC40C1AA2A9BA0015B9D3 /* CustomLogFormatter.m in Sources */ = {isa = PBXBuildFile; fileRef = 771DC40B1AA2A9BA0015B9D3 /* CustomLogFormatter.m */; };
		7779580E1A158F9300F04458 /* AboutWindowController.m in Sources */ = {isa = PBXBuildFile; fileRef = 7779580D1A158F9300F04458 /* AboutWindowController.m */; };
		777958111A159ADC00F04458 /* Credits.html in Resources */ = {isa = PBXBuildFile; fileRef = 777958101A159ADC00F04458 /* Credits.html */; };
		778FE4C91A144EAC00A3CE34 /* AppDelegate.m in Sources */ = {isa = PBXBuildFile; fileRef = 778FE4C81A144EAC00A3CE34 /* AppDelegate.m */; };
		778FE4CB1A144EAC00A3CE34 /* main.m in Sources */ = {isa = PBXBuildFile; fileRef = 778FE4CA1A144EAC00A3CE34 /* main.m */; };
		778FE4CD1A144EAC00A3CE34 /* Images.xcassets in Resources */ = {isa = PBXBuildFile; fileRef = 778FE4CC1A144EAC00A3CE34 /* Images.xcassets */; };
		778FE4D01A144EAC00A3CE34 /* MainMenu.xib in Resources */ = {isa = PBXBuildFile; fileRef = 778FE4CE1A144EAC00A3CE34 /* MainMenu.xib */; };
		778FE4DC1A144EAC00A3CE34 /* iTunes_Play_Button_PatchTests.m in Sources */ = {isa = PBXBuildFile; fileRef = 778FE4DB1A144EAC00A3CE34 /* iTunes_Play_Button_PatchTests.m */; };
		778FE4E71A14530A00A3CE34 /* Patcher.m in Sources */ = {isa = PBXBuildFile; fileRef = 778FE4E61A14530A00A3CE34 /* Patcher.m */; };
		778FE4EA1A14736400A3CE34 /* RcdFile.m in Sources */ = {isa = PBXBuildFile; fileRef = 778FE4E91A14736400A3CE34 /* RcdFile.m */; };
		77D3D3771A17BD0F00E427B4 /* logo.png in Resources */ = {isa = PBXBuildFile; fileRef = 77D3D3761A17BD0F00E427B4 /* logo.png */; };
		77D3D37A1A17C05200E427B4 /* GradientView.m in Sources */ = {isa = PBXBuildFile; fileRef = 77D3D3791A17C05200E427B4 /* GradientView.m */; };
		77D3D37C1A17CAA300E427B4 /* logo-large.png in Resources */ = {isa = PBXBuildFile; fileRef = 77D3D37B1A17CAA300E427B4 /* logo-large.png */; };
		77D77A2C1A158B8C0053880F /* AboutWindow.xib in Resources */ = {isa = PBXBuildFile; fileRef = 77D77A2B1A158B8C0053880F /* AboutWindow.xib */; };
		77F7F1721E75CA6E006DED8A /* ErrorWindowController.m in Sources */ = {isa = PBXBuildFile; fileRef = 77F7F1701E75CA6E006DED8A /* ErrorWindowController.m */; };
		77F7F1731E75CA6E006DED8A /* ErrorWindowController.xib in Resources */ = {isa = PBXBuildFile; fileRef = 77F7F1711E75CA6E006DED8A /* ErrorWindowController.xib */; };
		77F7F1781E75D8F4006DED8A /* Constants.m in Sources */ = {isa = PBXBuildFile; fileRef = 77F7F1751E75D4F1006DED8A /* Constants.m */; };
		CF8267A0537EDD6080FC5E99 /* libPods-Play Button iTunes Patch.a in Frameworks */ = {isa = PBXBuildFile; fileRef = A750E233DAEAFD38EBABF80F /* libPods-Play Button iTunes Patch.a */; };
/* End PBXBuildFile section */

/* Begin PBXContainerItemProxy section */
		778FE4D61A144EAC00A3CE34 /* PBXContainerItemProxy */ = {
			isa = PBXContainerItemProxy;
			containerPortal = 778FE4BA1A144EAC00A3CE34 /* Project object */;
			proxyType = 1;
			remoteGlobalIDString = 778FE4C11A144EAC00A3CE34;
			remoteInfo = "iTunes Play Button Patch";
		};
/* End PBXContainerItemProxy section */

/* Begin PBXFileReference section */
		2C6BE9E333C54DE558D5C7B8 /* Pods-Play Button iTunes Patch.release.xcconfig */ = {isa = PBXFileReference; includeInIndex = 1; lastKnownFileType = text.xcconfig; name = "Pods-Play Button iTunes Patch.release.xcconfig"; path = "Pods/Target Support Files/Pods-Play Button iTunes Patch/Pods-Play Button iTunes Patch.release.xcconfig"; sourceTree = "<group>"; };
		4F8F7326CC433ABE3044890D /* Pods-Play Button iTunes Patch.debug.xcconfig */ = {isa = PBXFileReference; includeInIndex = 1; lastKnownFileType = text.xcconfig; name = "Pods-Play Button iTunes Patch.debug.xcconfig"; path = "Pods/Target Support Files/Pods-Play Button iTunes Patch/Pods-Play Button iTunes Patch.debug.xcconfig"; sourceTree = "<group>"; };
		771C554A1E6D31EB00477FD8 /* PatchedWindowController.h */ = {isa = PBXFileReference; fileEncoding = 4; lastKnownFileType = sourcecode.c.h; path = PatchedWindowController.h; sourceTree = "<group>"; };
		771C554B1E6D31EB00477FD8 /* PatchedWindowController.m */ = {isa = PBXFileReference; fileEncoding = 4; lastKnownFileType = sourcecode.c.objc; path = PatchedWindowController.m; sourceTree = "<group>"; };
		771C554C1E6D31EB00477FD8 /* PatchedWindowController.xib */ = {isa = PBXFileReference; fileEncoding = 4; lastKnownFileType = file.xib; path = PatchedWindowController.xib; sourceTree = "<group>"; };
		771DC40A1AA2A9BA0015B9D3 /* CustomLogFormatter.h */ = {isa = PBXFileReference; fileEncoding = 4; lastKnownFileType = sourcecode.c.h; path = CustomLogFormatter.h; sourceTree = "<group>"; };
		771DC40B1AA2A9BA0015B9D3 /* CustomLogFormatter.m */ = {isa = PBXFileReference; fileEncoding = 4; lastKnownFileType = sourcecode.c.objc; path = CustomLogFormatter.m; sourceTree = "<group>"; };
		772F9ED41A7DC55700C7B543 /* PlayButtoniTunesPatch-Prefix.pch */ = {isa = PBXFileReference; lastKnownFileType = sourcecode.c.h; name = "PlayButtoniTunesPatch-Prefix.pch"; path = "iTunes Play Button Patch/PlayButtoniTunesPatch-Prefix.pch"; sourceTree = "<group>"; };
		7769FE461A47A357008971EB /* notes.txt */ = {isa = PBXFileReference; fileEncoding = 4; lastKnownFileType = text; path = notes.txt; sourceTree = "<group>"; };
		7779580C1A158F9300F04458 /* AboutWindowController.h */ = {isa = PBXFileReference; fileEncoding = 4; lastKnownFileType = sourcecode.c.h; lineEnding = 0; path = AboutWindowController.h; sourceTree = "<group>"; xcLanguageSpecificationIdentifier = xcode.lang.objcpp; };
		7779580D1A158F9300F04458 /* AboutWindowController.m */ = {isa = PBXFileReference; fileEncoding = 4; lastKnownFileType = sourcecode.c.objc; lineEnding = 0; path = AboutWindowController.m; sourceTree = "<group>"; xcLanguageSpecificationIdentifier = xcode.lang.objc; };
		777958101A159ADC00F04458 /* Credits.html */ = {isa = PBXFileReference; fileEncoding = 4; lastKnownFileType = text.html; lineEnding = 0; path = Credits.html; sourceTree = "<group>"; xcLanguageSpecificationIdentifier = xcode.lang.html; };
		778FE4C21A144EAC00A3CE34 /* Play Button iTunes Patch.app */ = {isa = PBXFileReference; explicitFileType = wrapper.application; includeInIndex = 0; path = "Play Button iTunes Patch.app"; sourceTree = BUILT_PRODUCTS_DIR; };
		778FE4C61A144EAC00A3CE34 /* Info.plist */ = {isa = PBXFileReference; lastKnownFileType = text.plist.xml; path = Info.plist; sourceTree = "<group>"; };
		778FE4C71A144EAC00A3CE34 /* AppDelegate.h */ = {isa = PBXFileReference; lastKnownFileType = sourcecode.c.h; lineEnding = 0; path = AppDelegate.h; sourceTree = "<group>"; xcLanguageSpecificationIdentifier = xcode.lang.objcpp; };
		778FE4C81A144EAC00A3CE34 /* AppDelegate.m */ = {isa = PBXFileReference; lastKnownFileType = sourcecode.c.objc; lineEnding = 0; path = AppDelegate.m; sourceTree = "<group>"; xcLanguageSpecificationIdentifier = xcode.lang.objc; };
		778FE4CA1A144EAC00A3CE34 /* main.m */ = {isa = PBXFileReference; lastKnownFileType = sourcecode.c.objc; lineEnding = 0; path = main.m; sourceTree = "<group>"; xcLanguageSpecificationIdentifier = xcode.lang.objc; };
		778FE4CC1A144EAC00A3CE34 /* Images.xcassets */ = {isa = PBXFileReference; lastKnownFileType = folder.assetcatalog; path = Images.xcassets; sourceTree = "<group>"; };
		778FE4CF1A144EAC00A3CE34 /* Base */ = {isa = PBXFileReference; lastKnownFileType = file.xib; name = Base; path = Base.lproj/MainMenu.xib; sourceTree = "<group>"; };
		778FE4D51A144EAC00A3CE34 /* Play Button iTunes PatchTests.xctest */ = {isa = PBXFileReference; explicitFileType = wrapper.cfbundle; includeInIndex = 0; path = "Play Button iTunes PatchTests.xctest"; sourceTree = BUILT_PRODUCTS_DIR; };
		778FE4DA1A144EAC00A3CE34 /* Info.plist */ = {isa = PBXFileReference; lastKnownFileType = text.plist.xml; path = Info.plist; sourceTree = "<group>"; };
		778FE4DB1A144EAC00A3CE34 /* iTunes_Play_Button_PatchTests.m */ = {isa = PBXFileReference; lastKnownFileType = sourcecode.c.objc; lineEnding = 0; path = iTunes_Play_Button_PatchTests.m; sourceTree = "<group>"; xcLanguageSpecificationIdentifier = xcode.lang.objc; };
		778FE4E51A14530A00A3CE34 /* Patcher.h */ = {isa = PBXFileReference; fileEncoding = 4; lastKnownFileType = sourcecode.c.h; lineEnding = 0; path = Patcher.h; sourceTree = "<group>"; xcLanguageSpecificationIdentifier = xcode.lang.objcpp; };
		778FE4E61A14530A00A3CE34 /* Patcher.m */ = {isa = PBXFileReference; fileEncoding = 4; lastKnownFileType = sourcecode.c.objc; path = Patcher.m; sourceTree = "<group>"; };
		778FE4E81A14736400A3CE34 /* RcdFile.h */ = {isa = PBXFileReference; fileEncoding = 4; lastKnownFileType = sourcecode.c.h; lineEnding = 0; path = RcdFile.h; sourceTree = "<group>"; xcLanguageSpecificationIdentifier = xcode.lang.objcpp; };
		778FE4E91A14736400A3CE34 /* RcdFile.m */ = {isa = PBXFileReference; fileEncoding = 4; lastKnownFileType = sourcecode.c.objc; lineEnding = 0; path = RcdFile.m; sourceTree = "<group>"; xcLanguageSpecificationIdentifier = xcode.lang.objc; };
		77D3D3761A17BD0F00E427B4 /* logo.png */ = {isa = PBXFileReference; lastKnownFileType = image.png; path = logo.png; sourceTree = "<group>"; };
		77D3D3781A17C05200E427B4 /* GradientView.h */ = {isa = PBXFileReference; fileEncoding = 4; lastKnownFileType = sourcecode.c.h; path = GradientView.h; sourceTree = "<group>"; };
		77D3D3791A17C05200E427B4 /* GradientView.m */ = {isa = PBXFileReference; fileEncoding = 4; lastKnownFileType = sourcecode.c.objc; path = GradientView.m; sourceTree = "<group>"; };
		77D3D37B1A17CAA300E427B4 /* logo-large.png */ = {isa = PBXFileReference; lastKnownFileType = image.png; path = "logo-large.png"; sourceTree = "<group>"; };
		77D77A2B1A158B8C0053880F /* AboutWindow.xib */ = {isa = PBXFileReference; fileEncoding = 4; lastKnownFileType = file.xib; path = AboutWindow.xib; sourceTree = "<group>"; };
		77F7F16F1E75CA6E006DED8A /* ErrorWindowController.h */ = {isa = PBXFileReference; fileEncoding = 4; lastKnownFileType = sourcecode.c.h; path = ErrorWindowController.h; sourceTree = "<group>"; };
		77F7F1701E75CA6E006DED8A /* ErrorWindowController.m */ = {isa = PBXFileReference; fileEncoding = 4; lastKnownFileType = sourcecode.c.objc; path = ErrorWindowController.m; sourceTree = "<group>"; };
		77F7F1711E75CA6E006DED8A /* ErrorWindowController.xib */ = {isa = PBXFileReference; fileEncoding = 4; lastKnownFileType = file.xib; path = ErrorWindowController.xib; sourceTree = "<group>"; };
		77F7F1751E75D4F1006DED8A /* Constants.m */ = {isa = PBXFileReference; fileEncoding = 4; lastKnownFileType = sourcecode.c.objc; path = Constants.m; sourceTree = "<group>"; };
		77F7F1771E75D534006DED8A /* Constants.h */ = {isa = PBXFileReference; lastKnownFileType = sourcecode.c.h; path = Constants.h; sourceTree = "<group>"; };
		77FAC0761A53661E00D23FCA /* en */ = {isa = PBXFileReference; lastKnownFileType = text.plist.strings; name = en; path = en.lproj/MainMenu.strings; sourceTree = "<group>"; };
		A750E233DAEAFD38EBABF80F /* libPods-Play Button iTunes Patch.a */ = {isa = PBXFileReference; explicitFileType = archive.ar; includeInIndex = 0; path = "libPods-Play Button iTunes Patch.a"; sourceTree = BUILT_PRODUCTS_DIR; };
/* End PBXFileReference section */

/* Begin PBXFrameworksBuildPhase section */
		778FE4BF1A144EAC00A3CE34 /* Frameworks */ = {
			isa = PBXFrameworksBuildPhase;
			buildActionMask = 2147483647;
			files = (
				CF8267A0537EDD6080FC5E99 /* libPods-Play Button iTunes Patch.a in Frameworks */,
			);
			runOnlyForDeploymentPostprocessing = 0;
		};
		778FE4D21A144EAC00A3CE34 /* Frameworks */ = {
			isa = PBXFrameworksBuildPhase;
			buildActionMask = 2147483647;
			files = (
			);
			runOnlyForDeploymentPostprocessing = 0;
		};
/* End PBXFrameworksBuildPhase section */

/* Begin PBXGroup section */
		37959528DF648EB7955873FF /* Frameworks */ = {
			isa = PBXGroup;
			children = (
				A750E233DAEAFD38EBABF80F /* libPods-Play Button iTunes Patch.a */,
			);
			name = Frameworks;
			sourceTree = "<group>";
		};
		40B5F3EF2231FD8CB76D9109 /* Pods */ = {
			isa = PBXGroup;
			children = (
				4F8F7326CC433ABE3044890D /* Pods-Play Button iTunes Patch.debug.xcconfig */,
				2C6BE9E333C54DE558D5C7B8 /* Pods-Play Button iTunes Patch.release.xcconfig */,
			);
			name = Pods;
			sourceTree = "<group>";
		};
		771DC4091AA2A9860015B9D3 /* Logging */ = {
			isa = PBXGroup;
			children = (
				771DC40A1AA2A9BA0015B9D3 /* CustomLogFormatter.h */,
				771DC40B1AA2A9BA0015B9D3 /* CustomLogFormatter.m */,
			);
			name = Logging;
			sourceTree = "<group>";
		};
		777958061A158CC300F04458 /* Frameworks */ = {
			isa = PBXGroup;
			children = (
			);
			path = Frameworks;
			sourceTree = "<group>";
		};
		7779580F1A158FA900F04458 /* About Window */ = {
			isa = PBXGroup;
			children = (
				7779580C1A158F9300F04458 /* AboutWindowController.h */,
				7779580D1A158F9300F04458 /* AboutWindowController.m */,
				77D77A2B1A158B8C0053880F /* AboutWindow.xib */,
			);
			name = "About Window";
			sourceTree = "<group>";
		};
		778FE4B91A144EAC00A3CE34 = {
			isa = PBXGroup;
			children = (
				772F9ED41A7DC55700C7B543 /* PlayButtoniTunesPatch-Prefix.pch */,
				778FE4C41A144EAC00A3CE34 /* iTunes Play Button Patch */,
				778FE4D81A144EAC00A3CE34 /* iTunes Play Button PatchTests */,
				778FE4C31A144EAC00A3CE34 /* Products */,
				40B5F3EF2231FD8CB76D9109 /* Pods */,
				37959528DF648EB7955873FF /* Frameworks */,
			);
			sourceTree = "<group>";
		};
		778FE4C31A144EAC00A3CE34 /* Products */ = {
			isa = PBXGroup;
			children = (
				778FE4C21A144EAC00A3CE34 /* Play Button iTunes Patch.app */,
				778FE4D51A144EAC00A3CE34 /* Play Button iTunes PatchTests.xctest */,
			);
			name = Products;
			sourceTree = "<group>";
		};
		778FE4C41A144EAC00A3CE34 /* iTunes Play Button Patch */ = {
			isa = PBXGroup;
			children = (
				771DC4091AA2A9860015B9D3 /* Logging */,
				7779580F1A158FA900F04458 /* About Window */,
				778FE4CE1A144EAC00A3CE34 /* MainMenu.xib */,
				77F7F1771E75D534006DED8A /* Constants.h */,
				77F7F1751E75D4F1006DED8A /* Constants.m */,
				778FE4C71A144EAC00A3CE34 /* AppDelegate.h */,
				778FE4C81A144EAC00A3CE34 /* AppDelegate.m */,
				77F7F16F1E75CA6E006DED8A /* ErrorWindowController.h */,
				77F7F1701E75CA6E006DED8A /* ErrorWindowController.m */,
				77F7F1711E75CA6E006DED8A /* ErrorWindowController.xib */,
				778FE4E51A14530A00A3CE34 /* Patcher.h */,
				778FE4E61A14530A00A3CE34 /* Patcher.m */,
				778FE4E81A14736400A3CE34 /* RcdFile.h */,
				778FE4E91A14736400A3CE34 /* RcdFile.m */,
				778FE4CC1A144EAC00A3CE34 /* Images.xcassets */,
				77D3D3781A17C05200E427B4 /* GradientView.h */,
				77D3D3791A17C05200E427B4 /* GradientView.m */,
				777958061A158CC300F04458 /* Frameworks */,
				778FE4C51A144EAC00A3CE34 /* Supporting Files */,
				7769FE461A47A357008971EB /* notes.txt */,
				771C554A1E6D31EB00477FD8 /* PatchedWindowController.h */,
				771C554B1E6D31EB00477FD8 /* PatchedWindowController.m */,
				771C554C1E6D31EB00477FD8 /* PatchedWindowController.xib */,
			);
			path = "iTunes Play Button Patch";
			sourceTree = "<group>";
		};
		778FE4C51A144EAC00A3CE34 /* Supporting Files */ = {
			isa = PBXGroup;
			children = (
				77D3D3761A17BD0F00E427B4 /* logo.png */,
				77D3D37B1A17CAA300E427B4 /* logo-large.png */,
				778FE4C61A144EAC00A3CE34 /* Info.plist */,
				778FE4CA1A144EAC00A3CE34 /* main.m */,
				777958101A159ADC00F04458 /* Credits.html */,
			);
			name = "Supporting Files";
			sourceTree = "<group>";
		};
		778FE4D81A144EAC00A3CE34 /* iTunes Play Button PatchTests */ = {
			isa = PBXGroup;
			children = (
				778FE4DB1A144EAC00A3CE34 /* iTunes_Play_Button_PatchTests.m */,
				778FE4D91A144EAC00A3CE34 /* Supporting Files */,
			);
			path = "iTunes Play Button PatchTests";
			sourceTree = "<group>";
		};
		778FE4D91A144EAC00A3CE34 /* Supporting Files */ = {
			isa = PBXGroup;
			children = (
				778FE4DA1A144EAC00A3CE34 /* Info.plist */,
			);
			name = "Supporting Files";
			sourceTree = "<group>";
		};
/* End PBXGroup section */

/* Begin PBXNativeTarget section */
		778FE4C11A144EAC00A3CE34 /* Play Button iTunes Patch */ = {
			isa = PBXNativeTarget;
			buildConfigurationList = 778FE4DF1A144EAC00A3CE34 /* Build configuration list for PBXNativeTarget "Play Button iTunes Patch" */;
			buildPhases = (
				FA161A16BAE12069639205DA /* Check Pods Manifest.lock */,
				778FE4BE1A144EAC00A3CE34 /* Sources */,
				778FE4BF1A144EAC00A3CE34 /* Frameworks */,
				778FE4C01A144EAC00A3CE34 /* Resources */,
				24030C661761275179079706 /* Copy Pods Resources */,
			);
			buildRules = (
			);
			dependencies = (
			);
			name = "Play Button iTunes Patch";
			productName = "iTunes Play Button Patch";
			productReference = 778FE4C21A144EAC00A3CE34 /* Play Button iTunes Patch.app */;
			productType = "com.apple.product-type.application";
		};
		778FE4D41A144EAC00A3CE34 /* Play Button iTunes PatchTests */ = {
			isa = PBXNativeTarget;
			buildConfigurationList = 778FE4E21A144EAC00A3CE34 /* Build configuration list for PBXNativeTarget "Play Button iTunes PatchTests" */;
			buildPhases = (
				778FE4D11A144EAC00A3CE34 /* Sources */,
				778FE4D21A144EAC00A3CE34 /* Frameworks */,
				778FE4D31A144EAC00A3CE34 /* Resources */,
			);
			buildRules = (
			);
			dependencies = (
				778FE4D71A144EAC00A3CE34 /* PBXTargetDependency */,
			);
			name = "Play Button iTunes PatchTests";
			productName = "iTunes Play Button PatchTests";
			productReference = 778FE4D51A144EAC00A3CE34 /* Play Button iTunes PatchTests.xctest */;
			productType = "com.apple.product-type.bundle.unit-test";
		};
/* End PBXNativeTarget section */

/* Begin PBXProject section */
		778FE4BA1A144EAC00A3CE34 /* Project object */ = {
			isa = PBXProject;
			attributes = {
				LastUpgradeCheck = 0820;
				ORGANIZATIONNAME = thebitguru;
				TargetAttributes = {
					778FE4C11A144EAC00A3CE34 = {
						CreatedOnToolsVersion = 6.1;
					};
					778FE4D41A144EAC00A3CE34 = {
						CreatedOnToolsVersion = 6.1;
						TestTargetID = 778FE4C11A144EAC00A3CE34;
					};
				};
			};
			buildConfigurationList = 778FE4BD1A144EAC00A3CE34 /* Build configuration list for PBXProject "Play Button iTunes Patch" */;
			compatibilityVersion = "Xcode 3.2";
			developmentRegion = English;
			hasScannedForEncodings = 0;
			knownRegions = (
				en,
				Base,
			);
			mainGroup = 778FE4B91A144EAC00A3CE34;
			productRefGroup = 778FE4C31A144EAC00A3CE34 /* Products */;
			projectDirPath = "";
			projectRoot = "";
			targets = (
				778FE4C11A144EAC00A3CE34 /* Play Button iTunes Patch */,
				778FE4D41A144EAC00A3CE34 /* Play Button iTunes PatchTests */,
			);
		};
/* End PBXProject section */

/* Begin PBXResourcesBuildPhase section */
		778FE4C01A144EAC00A3CE34 /* Resources */ = {
			isa = PBXResourcesBuildPhase;
			buildActionMask = 2147483647;
			files = (
				77F7F1731E75CA6E006DED8A /* ErrorWindowController.xib in Resources */,
				778FE4CD1A144EAC00A3CE34 /* Images.xcassets in Resources */,
				77D3D3771A17BD0F00E427B4 /* logo.png in Resources */,
				777958111A159ADC00F04458 /* Credits.html in Resources */,
				778FE4D01A144EAC00A3CE34 /* MainMenu.xib in Resources */,
				771C554E1E6D31EB00477FD8 /* PatchedWindowController.xib in Resources */,
				77D77A2C1A158B8C0053880F /* AboutWindow.xib in Resources */,
				77D3D37C1A17CAA300E427B4 /* logo-large.png in Resources */,
			);
			runOnlyForDeploymentPostprocessing = 0;
		};
		778FE4D31A144EAC00A3CE34 /* Resources */ = {
			isa = PBXResourcesBuildPhase;
			buildActionMask = 2147483647;
			files = (
			);
			runOnlyForDeploymentPostprocessing = 0;
		};
/* End PBXResourcesBuildPhase section */

/* Begin PBXShellScriptBuildPhase section */
		24030C661761275179079706 /* Copy Pods Resources */ = {
			isa = PBXShellScriptBuildPhase;
			buildActionMask = 2147483647;
			files = (
			);
			inputPaths = (
			);
			name = "Copy Pods Resources";
			outputPaths = (
			);
			runOnlyForDeploymentPostprocessing = 0;
			shellPath = /bin/sh;
			shellScript = "\"${SRCROOT}/Pods/Target Support Files/Pods-Play Button iTunes Patch/Pods-Play Button iTunes Patch-resources.sh\"\n";
			showEnvVarsInLog = 0;
		};
		FA161A16BAE12069639205DA /* Check Pods Manifest.lock */ = {
			isa = PBXShellScriptBuildPhase;
			buildActionMask = 2147483647;
			files = (
			);
			inputPaths = (
			);
			name = "Check Pods Manifest.lock";
			outputPaths = (
			);
			runOnlyForDeploymentPostprocessing = 0;
			shellPath = /bin/sh;
			shellScript = "diff \"${PODS_ROOT}/../Podfile.lock\" \"${PODS_ROOT}/Manifest.lock\" > /dev/null\nif [[ $? != 0 ]] ; then\n    cat << EOM\nerror: The sandbox is not in sync with the Podfile.lock. Run 'pod install' or update your CocoaPods installation.\nEOM\n    exit 1\nfi\n";
			showEnvVarsInLog = 0;
		};
/* End PBXShellScriptBuildPhase section */

/* Begin PBXSourcesBuildPhase section */
		778FE4BE1A144EAC00A3CE34 /* Sources */ = {
			isa = PBXSourcesBuildPhase;
			buildActionMask = 2147483647;
			files = (
				77F7F1781E75D8F4006DED8A /* Constants.m in Sources */,
				771DC40C1AA2A9BA0015B9D3 /* CustomLogFormatter.m in Sources */,
				771C554D1E6D31EB00477FD8 /* PatchedWindowController.m in Sources */,
				778FE4E71A14530A00A3CE34 /* Patcher.m in Sources */,
				7779580E1A158F9300F04458 /* AboutWindowController.m in Sources */,
				778FE4EA1A14736400A3CE34 /* RcdFile.m in Sources */,
				778FE4CB1A144EAC00A3CE34 /* main.m in Sources */,
				77D3D37A1A17C05200E427B4 /* GradientView.m in Sources */,
				77F7F1721E75CA6E006DED8A /* ErrorWindowController.m in Sources */,
				778FE4C91A144EAC00A3CE34 /* AppDelegate.m in Sources */,
			);
			runOnlyForDeploymentPostprocessing = 0;
		};
		778FE4D11A144EAC00A3CE34 /* Sources */ = {
			isa = PBXSourcesBuildPhase;
			buildActionMask = 2147483647;
			files = (
				778FE4DC1A144EAC00A3CE34 /* iTunes_Play_Button_PatchTests.m in Sources */,
			);
			runOnlyForDeploymentPostprocessing = 0;
		};
/* End PBXSourcesBuildPhase section */

/* Begin PBXTargetDependency section */
		778FE4D71A144EAC00A3CE34 /* PBXTargetDependency */ = {
			isa = PBXTargetDependency;
			target = 778FE4C11A144EAC00A3CE34 /* Play Button iTunes Patch */;
			targetProxy = 778FE4D61A144EAC00A3CE34 /* PBXContainerItemProxy */;
		};
/* End PBXTargetDependency section */

/* Begin PBXVariantGroup section */
		778FE4CE1A144EAC00A3CE34 /* MainMenu.xib */ = {
			isa = PBXVariantGroup;
			children = (
				778FE4CF1A144EAC00A3CE34 /* Base */,
				77FAC0761A53661E00D23FCA /* en */,
			);
			name = MainMenu.xib;
			sourceTree = "<group>";
		};
/* End PBXVariantGroup section */

/* Begin XCBuildConfiguration section */
		778FE4DD1A144EAC00A3CE34 /* Debug */ = {
			isa = XCBuildConfiguration;
			buildSettings = {
				ALWAYS_SEARCH_USER_PATHS = NO;
				CLANG_CXX_LANGUAGE_STANDARD = "gnu++0x";
				CLANG_CXX_LIBRARY = "libc++";
				CLANG_ENABLE_MODULES = YES;
				CLANG_ENABLE_OBJC_ARC = YES;
				CLANG_WARN_BOOL_CONVERSION = YES;
				CLANG_WARN_CONSTANT_CONVERSION = YES;
				CLANG_WARN_DIRECT_OBJC_ISA_USAGE = YES_ERROR;
				CLANG_WARN_EMPTY_BODY = YES;
				CLANG_WARN_ENUM_CONVERSION = YES;
				CLANG_WARN_INFINITE_RECURSION = YES;
				CLANG_WARN_INT_CONVERSION = YES;
				CLANG_WARN_OBJC_ROOT_CLASS = YES_ERROR;
				CLANG_WARN_SUSPICIOUS_MOVE = YES;
				CLANG_WARN_UNREACHABLE_CODE = YES;
				CLANG_WARN__DUPLICATE_METHOD_MATCH = YES;
				CODE_SIGN_IDENTITY = "-";
				COPY_PHASE_STRIP = NO;
				ENABLE_STRICT_OBJC_MSGSEND = YES;
				ENABLE_TESTABILITY = YES;
				GCC_C_LANGUAGE_STANDARD = gnu99;
				GCC_DYNAMIC_NO_PIC = NO;
				GCC_NO_COMMON_BLOCKS = YES;
				GCC_OPTIMIZATION_LEVEL = 0;
				GCC_PREPROCESSOR_DEFINITIONS = (
					"DEBUG=1",
					"$(inherited)",
				);
				GCC_SYMBOLS_PRIVATE_EXTERN = NO;
				GCC_WARN_64_TO_32_BIT_CONVERSION = YES;
				GCC_WARN_ABOUT_RETURN_TYPE = YES_ERROR;
				GCC_WARN_UNDECLARED_SELECTOR = YES;
				GCC_WARN_UNINITIALIZED_AUTOS = YES_AGGRESSIVE;
				GCC_WARN_UNUSED_FUNCTION = YES;
				GCC_WARN_UNUSED_VARIABLE = YES;
				MACOSX_DEPLOYMENT_TARGET = 10.10;
				MTL_ENABLE_DEBUG_INFO = YES;
				ONLY_ACTIVE_ARCH = YES;
				SDKROOT = macosx;
			};
			name = Debug;
		};
		778FE4DE1A144EAC00A3CE34 /* Release */ = {
			isa = XCBuildConfiguration;
			buildSettings = {
				ALWAYS_SEARCH_USER_PATHS = NO;
				CLANG_CXX_LANGUAGE_STANDARD = "gnu++0x";
				CLANG_CXX_LIBRARY = "libc++";
				CLANG_ENABLE_MODULES = YES;
				CLANG_ENABLE_OBJC_ARC = YES;
				CLANG_WARN_BOOL_CONVERSION = YES;
				CLANG_WARN_CONSTANT_CONVERSION = YES;
				CLANG_WARN_DIRECT_OBJC_ISA_USAGE = YES_ERROR;
				CLANG_WARN_EMPTY_BODY = YES;
				CLANG_WARN_ENUM_CONVERSION = YES;
				CLANG_WARN_INFINITE_RECURSION = YES;
				CLANG_WARN_INT_CONVERSION = YES;
				CLANG_WARN_OBJC_ROOT_CLASS = YES_ERROR;
				CLANG_WARN_SUSPICIOUS_MOVE = YES;
				CLANG_WARN_UNREACHABLE_CODE = YES;
				CLANG_WARN__DUPLICATE_METHOD_MATCH = YES;
				CODE_SIGN_IDENTITY = "-";
				COPY_PHASE_STRIP = YES;
				DEBUG_INFORMATION_FORMAT = "dwarf-with-dsym";
				ENABLE_NS_ASSERTIONS = NO;
				ENABLE_STRICT_OBJC_MSGSEND = YES;
				GCC_C_LANGUAGE_STANDARD = gnu99;
				GCC_NO_COMMON_BLOCKS = YES;
				GCC_WARN_64_TO_32_BIT_CONVERSION = YES;
				GCC_WARN_ABOUT_RETURN_TYPE = YES_ERROR;
				GCC_WARN_UNDECLARED_SELECTOR = YES;
				GCC_WARN_UNINITIALIZED_AUTOS = YES_AGGRESSIVE;
				GCC_WARN_UNUSED_FUNCTION = YES;
				GCC_WARN_UNUSED_VARIABLE = YES;
				MACOSX_DEPLOYMENT_TARGET = 10.10;
				MTL_ENABLE_DEBUG_INFO = NO;
				SDKROOT = macosx;
			};
			name = Release;
		};
		778FE4E01A144EAC00A3CE34 /* Debug */ = {
			isa = XCBuildConfiguration;
			baseConfigurationReference = 4F8F7326CC433ABE3044890D /* Pods-Play Button iTunes Patch.debug.xcconfig */;
			buildSettings = {
				ASSETCATALOG_COMPILER_APPICON_NAME = AppIcon;
				COMBINE_HIDPI_IMAGES = YES;
				FRAMEWORK_SEARCH_PATHS = (
					"$(inherited)",
					"./**",
				);
				GCC_NO_COMMON_BLOCKS = YES;
				GCC_PRECOMPILE_PREFIX_HEADER = YES;
				GCC_PREFIX_HEADER = "iTunes Play Button Patch/PlayButtoniTunesPatch-Prefix.pch";
				INFOPLIST_FILE = "iTunes Play Button Patch/Info.plist";
				LD_RUNPATH_SEARCH_PATHS = "$(inherited) @executable_path/../Frameworks";
				MACOSX_DEPLOYMENT_TARGET = 10.7;
				ONLY_ACTIVE_ARCH = NO;
				PRODUCT_BUNDLE_IDENTIFIER = "com.thebitguru.$(PRODUCT_NAME:rfc1034identifier)";
				PRODUCT_NAME = "Play Button iTunes Patch";
				SDKROOT = macosx;
			};
			name = Debug;
		};
		778FE4E11A144EAC00A3CE34 /* Release */ = {
			isa = XCBuildConfiguration;
			baseConfigurationReference = 2C6BE9E333C54DE558D5C7B8 /* Pods-Play Button iTunes Patch.release.xcconfig */;
			buildSettings = {
				ASSETCATALOG_COMPILER_APPICON_NAME = AppIcon;
				COMBINE_HIDPI_IMAGES = YES;
				FRAMEWORK_SEARCH_PATHS = (
					"$(inherited)",
					"./**",
				);
				GCC_NO_COMMON_BLOCKS = YES;
				GCC_PRECOMPILE_PREFIX_HEADER = YES;
				GCC_PREFIX_HEADER = "iTunes Play Button Patch/PlayButtoniTunesPatch-Prefix.pch";
				INFOPLIST_FILE = "iTunes Play Button Patch/Info.plist";
				LD_RUNPATH_SEARCH_PATHS = "$(inherited) @executable_path/../Frameworks";
				MACOSX_DEPLOYMENT_TARGET = 10.7;
				PRODUCT_BUNDLE_IDENTIFIER = "com.thebitguru.$(PRODUCT_NAME:rfc1034identifier)";
				PRODUCT_NAME = "Play Button iTunes Patch";
				SDKROOT = macosx;
			};
			name = Release;
		};
		778FE4E31A144EAC00A3CE34 /* Debug */ = {
			isa = XCBuildConfiguration;
			buildSettings = {
				BUNDLE_LOADER = "$(TEST_HOST)";
				COMBINE_HIDPI_IMAGES = YES;
				FRAMEWORK_SEARCH_PATHS = (
					"$(DEVELOPER_FRAMEWORKS_DIR)",
					"$(inherited)",
				);
				GCC_PREPROCESSOR_DEFINITIONS = (
					"DEBUG=1",
					"$(inherited)",
				);
				INFOPLIST_FILE = "iTunes Play Button PatchTests/Info.plist";
				LD_RUNPATH_SEARCH_PATHS = "$(inherited) @executable_path/../Frameworks @loader_path/../Frameworks";
				PRODUCT_BUNDLE_IDENTIFIER = "com.thebitguru.$(PRODUCT_NAME:rfc1034identifier)";
				PRODUCT_NAME = "Play Button iTunes PatchTests";
				TEST_HOST = "$(BUILT_PRODUCTS_DIR)/iTunes Play Button Patch.app/Contents/MacOS/iTunes Play Button Patch";
			};
			name = Debug;
		};
		778FE4E41A144EAC00A3CE34 /* Release */ = {
			isa = XCBuildConfiguration;
			buildSettings = {
				BUNDLE_LOADER = "$(TEST_HOST)";
				COMBINE_HIDPI_IMAGES = YES;
				FRAMEWORK_SEARCH_PATHS = (
					"$(DEVELOPER_FRAMEWORKS_DIR)",
					"$(inherited)",
				);
				INFOPLIST_FILE = "iTunes Play Button PatchTests/Info.plist";
				LD_RUNPATH_SEARCH_PATHS = "$(inherited) @executable_path/../Frameworks @loader_path/../Frameworks";
				PRODUCT_BUNDLE_IDENTIFIER = "com.thebitguru.$(PRODUCT_NAME:rfc1034identifier)";
				PRODUCT_NAME = "Play Button iTunes PatchTests";
				TEST_HOST = "$(BUILT_PRODUCTS_DIR)/iTunes Play Button Patch.app/Contents/MacOS/iTunes Play Button Patch";
			};
			name = Release;
		};
/* End XCBuildConfiguration section */

/* Begin XCConfigurationList section */
		778FE4BD1A144EAC00A3CE34 /* Build configuration list for PBXProject "Play Button iTunes Patch" */ = {
			isa = XCConfigurationList;
			buildConfigurations = (
				778FE4DD1A144EAC00A3CE34 /* Debug */,
				778FE4DE1A144EAC00A3CE34 /* Release */,
			);
			defaultConfigurationIsVisible = 0;
			defaultConfigurationName = Release;
		};
		778FE4DF1A144EAC00A3CE34 /* Build configuration list for PBXNativeTarget "Play Button iTunes Patch" */ = {
			isa = XCConfigurationList;
			buildConfigurations = (
				778FE4E01A144EAC00A3CE34 /* Debug */,
				778FE4E11A144EAC00A3CE34 /* Release */,
			);
			defaultConfigurationIsVisible = 0;
			defaultConfigurationName = Release;
		};
		778FE4E21A144EAC00A3CE34 /* Build configuration list for PBXNativeTarget "Play Button iTunes PatchTests" */ = {
			isa = XCConfigurationList;
			buildConfigurations = (
				778FE4E31A144EAC00A3CE34 /* Debug */,
				778FE4E41A144EAC00A3CE34 /* Release */,
			);
			defaultConfigurationIsVisible = 0;
			defaultConfigurationName = Release;
		};
/* End XCConfigurationList section */
	};
	rootObject = 778FE4BA1A144EAC00A3CE34 /* Project object */;
}
